
Microsoft Visual Studio Solution File, Format Version 12.00
# Visual Studio Version 17
VisualStudioVersion = 17.11.35303.130
MinimumVisualStudioVersion = 10.0.40219.1
Project("{9A19103F-16F7-4668-BE54-9A1E7A4F7556}") = "VirtoCommerce.OrdersModule2.Web", "src\VirtoCommerce.OrdersModule2.Web\VirtoCommerce.OrdersModule2.Web.csproj", "{F4350D0E-5353-42CB-A01C-34089AEA25CF}"
EndProject
Global
	GlobalSection(SolutionConfigurationPlatforms) = preSolution
		Debug|Any CPU = Debug|Any CPU
		Release|Any CPU = Release|Any CPU
	EndGlobalSection
	GlobalSection(ProjectConfigurationPlatforms) = postSolution
		{F4350D0E-5353-42CB-A01C-34089AEA25CF}.Debug|Any CPU.ActiveCfg = Debug|Any CPU
		{F4350D0E-5353-42CB-A01C-34089AEA25CF}.Debug|Any CPU.Build.0 = Debug|Any CPU
		{F4350D0E-5353-42CB-A01C-34089AEA25CF}.Release|Any CPU.ActiveCfg = Release|Any CPU
		{F4350D0E-5353-42CB-A01C-34089AEA25CF}.Release|Any CPU.Build.0 = Release|Any CPU
	EndGlobalSection
	GlobalSection(SolutionProperties) = preSolution
		HideSolutionNode = FALSE
	EndGlobalSection
	GlobalSection(ExtensibilityGlobals) = postSolution
		SolutionGuid = {96FC7BD6-28CB-4229-BD34-8FD679B16445}
	EndGlobalSection
EndGlobal
